
Microsoft Visual Studio Solution File, Format Version 12.00
# Visual Studio Version 17
VisualStudioVersion = 17.3.32929.385
MinimumVisualStudioVersion = 10.0.40219.1
Project("{9A19103F-16F7-4668-BE54-9A1E7A4F7556}") = "Furniture", "Furniture\Furniture.csproj", "{1F731B5F-E9FD-4D4F-B829-9A2488BE2226}"
EndProject
Project("{9A19103F-16F7-4668-BE54-9A1E7A4F7556}") = "DialogTask", "DialogTask\DialogTask.csproj", "{2D76D321-19EC-48B5-9145-4CA8A8369777}"
EndProject
Project("{FAE04EC0-301F-11D3-BF4B-00C04F79EFBC}") = "Builder", "Builder\Builder.csproj", "{C0210E67-5672-45B9-B586-36E069E54EF8}"
EndProject
Project("{FAE04EC0-301F-11D3-BF4B-00C04F79EFBC}") = "Prototype", "Prototype\Prototype.csproj", "{8636F24D-3BAD-4CD6-950D-BDE4F5E1ACF4}"
EndProject
Project("{FAE04EC0-301F-11D3-BF4B-00C04F79EFBC}") = "Singleton", "Singleton\Singleton.csproj", "{C5E1ED25-E40A-4F04-94AD-354C3276C91F}"
EndProject
Global
	GlobalSection(SolutionConfigurationPlatforms) = preSolution
		Debug|Any CPU = Debug|Any CPU
		Release|Any CPU = Release|Any CPU
	EndGlobalSection
	GlobalSection(ProjectConfigurationPlatforms) = postSolution
		{1F731B5F-E9FD-4D4F-B829-9A2488BE2226}.Debug|Any CPU.ActiveCfg = Debug|Any CPU
		{1F731B5F-E9FD-4D4F-B829-9A2488BE2226}.Debug|Any CPU.Build.0 = Debug|Any CPU
		{1F731B5F-E9FD-4D4F-B829-9A2488BE2226}.Release|Any CPU.ActiveCfg = Release|Any CPU
		{1F731B5F-E9FD-4D4F-B829-9A2488BE2226}.Release|Any CPU.Build.0 = Release|Any CPU
		{2D76D321-19EC-48B5-9145-4CA8A8369777}.Debug|Any CPU.ActiveCfg = Debug|Any CPU
		{2D76D321-19EC-48B5-9145-4CA8A8369777}.Debug|Any CPU.Build.0 = Debug|Any CPU
		{2D76D321-19EC-48B5-9145-4CA8A8369777}.Release|Any CPU.ActiveCfg = Release|Any CPU
		{2D76D321-19EC-48B5-9145-4CA8A8369777}.Release|Any CPU.Build.0 = Release|Any CPU
		{C0210E67-5672-45B9-B586-36E069E54EF8}.Debug|Any CPU.ActiveCfg = Debug|Any CPU
		{C0210E67-5672-45B9-B586-36E069E54EF8}.Debug|Any CPU.Build.0 = Debug|Any CPU
		{C0210E67-5672-45B9-B586-36E069E54EF8}.Release|Any CPU.ActiveCfg = Release|Any CPU
		{C0210E67-5672-45B9-B586-36E069E54EF8}.Release|Any CPU.Build.0 = Release|Any CPU
		{8636F24D-3BAD-4CD6-950D-BDE4F5E1ACF4}.Debug|Any CPU.ActiveCfg = Debug|Any CPU
		{8636F24D-3BAD-4CD6-950D-BDE4F5E1ACF4}.Debug|Any CPU.Build.0 = Debug|Any CPU
		{8636F24D-3BAD-4CD6-950D-BDE4F5E1ACF4}.Release|Any CPU.ActiveCfg = Release|Any CPU
		{8636F24D-3BAD-4CD6-950D-BDE4F5E1ACF4}.Release|Any CPU.Build.0 = Release|Any CPU
		{C5E1ED25-E40A-4F04-94AD-354C3276C91F}.Debug|Any CPU.ActiveCfg = Debug|Any CPU
		{C5E1ED25-E40A-4F04-94AD-354C3276C91F}.Debug|Any CPU.Build.0 = Debug|Any CPU
		{C5E1ED25-E40A-4F04-94AD-354C3276C91F}.Release|Any CPU.ActiveCfg = Release|Any CPU
		{C5E1ED25-E40A-4F04-94AD-354C3276C91F}.Release|Any CPU.Build.0 = Release|Any CPU
	EndGlobalSection
	GlobalSection(SolutionProperties) = preSolution
		HideSolutionNode = FALSE
	EndGlobalSection
	GlobalSection(ExtensibilityGlobals) = postSolution
		SolutionGuid = {E909E626-720B-46F3-BE62-430D0B93189B}
	EndGlobalSection
EndGlobal
